
Microsoft Visual Studio Solution File, Format Version 12.00
# Visual Studio Version 17
VisualStudioVersion = 17.5.002.0
MinimumVisualStudioVersion = 10.0.40219.1
Project("{9A19103F-16F7-4668-BE54-9A1E7A4F7556}") = "CrmEducacional", "CrmEducacional.csproj", "{A5E8D1FA-B150-4A72-96B5-C1B9FE71E3D9}"
EndProject
Global
	GlobalSection(SolutionConfigurationPlatforms) = preSolution
		Debug|Any CPU = Debug|Any CPU
		Release|Any CPU = Release|Any CPU
	EndGlobalSection
	GlobalSection(ProjectConfigurationPlatforms) = postSolution
		{A5E8D1FA-B150-4A72-96B5-C1B9FE71E3D9}.Debug|Any CPU.ActiveCfg = Debug|Any CPU
		{A5E8D1FA-B150-4A72-96B5-C1B9FE71E3D9}.Debug|Any CPU.Build.0 = Debug|Any CPU
		{A5E8D1FA-B150-4A72-96B5-C1B9FE71E3D9}.Release|Any CPU.ActiveCfg = Release|Any CPU
		{A5E8D1FA-B150-4A72-96B5-C1B9FE71E3D9}.Release|Any CPU.Build.0 = Release|Any CPU
	EndGlobalSection
	GlobalSection(SolutionProperties) = preSolution
		HideSolutionNode = FALSE
	EndGlobalSection
	GlobalSection(ExtensibilityGlobals) = postSolution
		SolutionGuid = {969A128F-92EA-43FD-978A-8F79DDB534BC}
	EndGlobalSection
EndGlobal
